
Microsoft Visual Studio Solution File, Format Version 12.00
# Visual Studio Version 17
VisualStudioVersion = 17.0.31912.275
MinimumVisualStudioVersion = 10.0.40219.1
Project("{2150E333-8FDC-42A3-9474-1A3956D46DE8}") = "src", "src", "{BC74E109-4C5F-4736-A67A-307902A2772B}"
EndProject
Project("{2150E333-8FDC-42A3-9474-1A3956D46DE8}") = "tests", "tests", "{2B1FF28D-4648-4749-A17E-7682EA8CCD70}"
EndProject
Project("{9A19103F-16F7-4668-BE54-9A1E7A4F7556}") = "SqsConsumerSample", "src\SqsConsumerSample\SqsConsumerSample.csproj", "{DD9E8CC9-8797-49F5-A35D-2C3B4EC8A7C3}"
EndProject
Project("{FAE04EC0-301F-11D3-BF4B-00C04F79EFBC}") = "SqsProducerSample", "SqsProducerSample\SqsProducerSample.csproj", "{8C4B77BB-D426-4F0F-8051-2D2292E9256D}"
EndProject
Global
	GlobalSection(SolutionConfigurationPlatforms) = preSolution
		Debug|Any CPU = Debug|Any CPU
		Release|Any CPU = Release|Any CPU
	EndGlobalSection
	GlobalSection(ProjectConfigurationPlatforms) = postSolution
		{DD9E8CC9-8797-49F5-A35D-2C3B4EC8A7C3}.Debug|Any CPU.ActiveCfg = Debug|Any CPU
		{DD9E8CC9-8797-49F5-A35D-2C3B4EC8A7C3}.Debug|Any CPU.Build.0 = Debug|Any CPU
		{DD9E8CC9-8797-49F5-A35D-2C3B4EC8A7C3}.Release|Any CPU.ActiveCfg = Release|Any CPU
		{DD9E8CC9-8797-49F5-A35D-2C3B4EC8A7C3}.Release|Any CPU.Build.0 = Release|Any CPU
		{8C4B77BB-D426-4F0F-8051-2D2292E9256D}.Debug|Any CPU.ActiveCfg = Debug|Any CPU
		{8C4B77BB-D426-4F0F-8051-2D2292E9256D}.Debug|Any CPU.Build.0 = Debug|Any CPU
		{8C4B77BB-D426-4F0F-8051-2D2292E9256D}.Release|Any CPU.ActiveCfg = Release|Any CPU
		{8C4B77BB-D426-4F0F-8051-2D2292E9256D}.Release|Any CPU.Build.0 = Release|Any CPU
	EndGlobalSection
	GlobalSection(SolutionProperties) = preSolution
		HideSolutionNode = FALSE
	EndGlobalSection
	GlobalSection(NestedProjects) = preSolution
		{DD9E8CC9-8797-49F5-A35D-2C3B4EC8A7C3} = {BC74E109-4C5F-4736-A67A-307902A2772B}
		{8C4B77BB-D426-4F0F-8051-2D2292E9256D} = {BC74E109-4C5F-4736-A67A-307902A2772B}
	EndGlobalSection
	GlobalSection(ExtensibilityGlobals) = postSolution
		SolutionGuid = {C9CCDF14-B769-482F-B552-233BF3CD85A3}
	EndGlobalSection
EndGlobal
