
Microsoft Visual Studio Solution File, Format Version 12.00
# Visual Studio Version 17
VisualStudioVersion = 17.0.31912.275
MinimumVisualStudioVersion = 10.0.40219.1
Project("{2150E333-8FDC-42A3-9474-1A3956D46DE8}") = "src", "src", "{BC74E109-4C5F-4736-A67A-307902A2772B}"
EndProject
Project("{2150E333-8FDC-42A3-9474-1A3956D46DE8}") = "tests", "tests", "{2B1FF28D-4648-4749-A17E-7682EA8CCD70}"
EndProject
Project("{9A19103F-16F7-4668-BE54-9A1E7A4F7556}") = "SqsSample", "src\SqsSample.csproj", "{E9E56BF9-6827-40A0-A399-6F44A553761B}"
EndProject
Project("{FAE04EC0-301F-11D3-BF4B-00C04F79EFBC}") = "SqsSample.UnitTests", "tests\SqsSample.UnitTests\SqsSample.UnitTests.csproj", "{7B008DA2-41A6-4D63-A5F5-532CED89BDEA}"
EndProject
Global
	GlobalSection(SolutionConfigurationPlatforms) = preSolution
		Debug|Any CPU = Debug|Any CPU
		Release|Any CPU = Release|Any CPU
	EndGlobalSection
	GlobalSection(ProjectConfigurationPlatforms) = postSolution
		{E9E56BF9-6827-40A0-A399-6F44A553761B}.Debug|Any CPU.ActiveCfg = Debug|Any CPU
		{E9E56BF9-6827-40A0-A399-6F44A553761B}.Debug|Any CPU.Build.0 = Debug|Any CPU
		{E9E56BF9-6827-40A0-A399-6F44A553761B}.Release|Any CPU.ActiveCfg = Release|Any CPU
		{E9E56BF9-6827-40A0-A399-6F44A553761B}.Release|Any CPU.Build.0 = Release|Any CPU
		{7B008DA2-41A6-4D63-A5F5-532CED89BDEA}.Debug|Any CPU.ActiveCfg = Debug|Any CPU
		{7B008DA2-41A6-4D63-A5F5-532CED89BDEA}.Debug|Any CPU.Build.0 = Debug|Any CPU
		{7B008DA2-41A6-4D63-A5F5-532CED89BDEA}.Release|Any CPU.ActiveCfg = Release|Any CPU
		{7B008DA2-41A6-4D63-A5F5-532CED89BDEA}.Release|Any CPU.Build.0 = Release|Any CPU
	EndGlobalSection
	GlobalSection(SolutionProperties) = preSolution
		HideSolutionNode = FALSE
	EndGlobalSection
	GlobalSection(NestedProjects) = preSolution
		{E9E56BF9-6827-40A0-A399-6F44A553761B} = {BC74E109-4C5F-4736-A67A-307902A2772B}
		{7B008DA2-41A6-4D63-A5F5-532CED89BDEA} = {2B1FF28D-4648-4749-A17E-7682EA8CCD70}
	EndGlobalSection
	GlobalSection(ExtensibilityGlobals) = postSolution
		SolutionGuid = {C9CCDF14-B769-482F-B552-233BF3CD85A3}
	EndGlobalSection
EndGlobal
